cloud.google.com/go v0.26.0/go.mod h1:aQUYkXzVsufM+DwF1aE+0xfcU+56JwCaLick0ClmMTw=
github.com/BurntSushi/toml v0.3.1/go.mod h1:xHWCNGjB5oqiDr8zfno3MHue2Ht5sIBksp03qcyfWMU=
github.com/client9/misspell v0.3.4/go.mod h1:qj6jICC3Q7zFZvVWo7KLAzC3yx5G7kyvSDkc90ppPyw=
github.com/davecgh/go-spew v1.1.0/go.mod h1:J7Y8YcW2NihsgmVo/mv3lAwl/skON4iLHjSsI+c5H38=
github.com/davecgh/go-spew v1.1.1/go.mod h1:J7Y8YcW2NihsgmVo/mv3lAwl/skON4iLHjSsI+c5H38=
github.com/emirpasic/gods v1.12.0 h1:QAUIPSaCu4G+POclxeqb3F+WPpdKqFGlw36+yOzGlrg=
github.com/emirpasic/gods v1.12.0/go.mod h1:YfzfFFoVP/catgzJb4IKIqXjX78Ha8FMSDh3ymbK86o=
github.com/fogleman/gg v1.3.0 h1:/7zJX8F6AaYQc57WQCyN9cAIz+4bCJGO9B+dyW29am8=
github.com/fogleman/gg v1.3.0/go.mod h1:R/bRT+9gY/C5z7JzPU0zXsXHKM4/ayA+zqcVNZzPa1k=
github.com/fogleman/ln v0.0.0-20170223135521-12e6c6e74459 h1:FNZL5NQ+5AjQhfJyLtsOvHwfBdaCs5zRCXnOgsueUYo=
github.com/fogleman/ln v0.0.0-20170223135521-12e6c6e74459/go.mod h1:88uTXbq5TLI2G6TH5cBcbfl4x5jaTbKLgMjshwLPGmo=
github.com/fogleman/pt v0.0.0-20170619012416-6fa0015c2178 h1:4TnvdTCFXrGh+yjYmzMrrc9V0o29xB/J2pldpxDfUrg=
github.com/fogleman/pt v0.0.0-20170619012416-6fa0015c2178/go.mod h1:7L0Ag5f6vgYY8ILH9R2Jbn0I4rShliILuSP0kXpxOFQ=
github.com/golang/crypto v0.0.0-20190418165655-df01cb2cc480/go.mod h1:WFFai1msRO1wXaEeE5yQxYXgSfI8pQAWXbQop6sCtWE=
github.com/golang/freetype v0.0.0-20170609003504-e2365dfdc4a0 h1:DACJavvAHhabrF08vX0COfcOBJRhZ8lUbR+ZWIs0Y5g=
github.com/golang/freetype v0.0.0-20170609003504-e2365dfdc4a0/go.mod h1:E/TSTwGwJL78qG/PmXZO1EjYhfJinVAhrmmHX6Z8B9k=
github.com/golang/glog v0.0.0-20160126235308-23def4e6c14b/go.mod h1:SBH7ygxi8pfUlaOkMMuAQtPIUF8ecWP5IEl/CR7VP2Q=
github.com/golang/mock v1.1.1/go.mod h1:oTYuIxOrZwtPieC+H1uAHpcLFnEyAGVDL/k47Jfbm0A=
github.com/golang/net v0.0.0-20190420063019-afa5a82059c6 h1:C+V5gV160coAmGn/x5aKW+VRvJZoTUJPDU7wunPVDVo=
github.com/golang/net v0.0.0-20190420063019-afa5a82059c6/go.mod h1:t9HGtf8HONx5eT2rtn7q6eTqICYqUVnKs3thJo3Qplg=
github.com/golang/protobuf v1.3.2 h1:6nsPYzhq5kReh6QImI3k5qWzO4PEbvbIW2cwSfR/6xs=
github.com/golang/protobuf v1.3.2/go.mod h1:6lQm79b+lXiMfvg/cZm0SGofjICqVBUtrP5yJMmIC1U=
github.com/golang/sys v0.0.0-20190419153524-e8e3143a4f4a h1:5bYuhgnDII4NSAAw1wRU+pCovYhB/AqYVmsK2JDnK2k=
github.com/golang/sys v0.0.0-20190419153524-e8e3143a4f4a/go.mod h1:h1NjWce9XRLGQEsW7wpKNCjG9DtNlClVuFLEZdDNbEs=
github.com/golang/text v0.3.1-0.20190410012825-f4905fbd45b6 h1:Iy+onGU5I3fOGEwOFUDwWvWf4jbjeWfDxoND2ah/nR0=
github.com/golang/text v0.3.1-0.20190410012825-f4905fbd45b6/go.mod h1:bEr9sfX3Q8Zfm5fL9x+3itogRgK3+ptLWKqgva+5dAk=
github.com/golang/tools v0.0.0-20190420181800-aa740d480789 h1:Hy7qvbkxWJIZIprJ2rgaRVarxDIv9yfIDGXLocU3irs=
github.com/golang/tools v0.0.0-20190420181800-aa740d480789/go.mod h1:LCzVGOaR6xXOjkQ3onu1FJEFr0SW1gC7cKk1uF8kGRs=
github.com/google/go-cmp v0.2.0/go.mod h1:oXzfMopK8JAjlY9xF4vHSVASa0yLyX7SntLO5aqRK0M=
github.com/gopherjs/gopherjs v0.0.0-20190411002643-bd77b112433e/go.mod h1:wJfORRmW1u3UXTncJ5qlYoELFm8eSnnEO6hX4iZ3EWY=
github.com/grpc-ecosystem/grpc-gateway v1.11.3 h1:h8+NsYENhxNTuq+dobk3+ODoJtwY4Fu0WQXsxJfL8aM=
github.com/konsorten/go-windows-terminal-sequences v1.0.1/go.mod h1:T0+1ngSBFLxvqU3pZ+m/2kptfBszLMUkC4ZK/EgS/cQ=
github.com/konsorten/go-windows-terminal-sequences v1.0.2/go.mod h1:T0+1ngSBFLxvqU3pZ+m/2kptfBszLMUkC4ZK/EgS/cQ=
github.com/pmezard/go-difflib v1.0.0/go.mod h1:iKH77koFhYxTK1pcRnkKkqfTogsbg7gZNVY4sRDYZ/4=
github.com/sirupsen/logrus v1.4.1 h1:GL2rEmy6nsikmW0r8opw9JIRScdMF5hA8cOYLH7In1k=
github.com/sirupsen/logrus v1.4.1/go.mod h1:ni0Sbl8bgC9z8RoU9G6nDWqqs/fq4eDPysMBDgk/93Q=
github.com/stretchr/objx v0.1.0/go.mod h1:HFkY916IF+rwdDfMAkV7OtwuqBVzrE8GR6GFx+wExME=
github.com/stretchr/objx v0.1.1/go.mod h1:HFkY916IF+rwdDfMAkV7OtwuqBVzrE8GR6GFx+wExME=
github.com/stretchr/objx v0.2.0/go.mod h1:qt09Ya8vawLte6SNmTgCsAVtYtaKzEcn8ATUoHMkEqE=
github.com/stretchr/testify v1.2.2/go.mod h1:a8OnRcib4nhh0OaRAV+Yts87kKdq0PP7pXfy6kDkUVs=
github.com/stretchr/testify v1.3.0/go.mod h1:M5WIy9Dh21IEIfnGCwXGc5bZfKNJtfHm1UVUgZn+9EI=
github.com/therecipe/qt/internal/binding/files/docs v0.0.0-20191010174905-3904ec6ceb7b h1:yr2PJN88jn9pioGLoCVRSXueZxH+XeoTAAY6wsNWk5Y=
github.com/therecipe/qt/internal/binding/files/docs v0.0.0-20191010174905-3904ec6ceb7b/go.mod h1:3m53YtVScOef+bvEyu5Pnhhdt1948eTNnsVZrP6hYeE=
github.com/therecipe/qt/internal/binding/files/docs/5.12.0 v0.0.0-20191010174905-3904ec6ceb7b h1:eiq5AirzG/4rwxNIH4YCdsBBoLgsentcHBwuGKIfXtM=
github.com/therecipe/qt/internal/binding/files/docs/5.12.0 v0.0.0-20191010174905-3904ec6ceb7b/go.mod h1:7m8PDYDEtEVqfjoUQc2UrFqhG0CDmoVJjRlQxexndFc=
github.com/therecipe/qt/internal/binding/files/docs/5.13.0 v0.0.0-20191010174905-3904ec6ceb7b h1:jGMM7rerRvJ426AC5fIm9pBibHEP+4z1/KFbaQPshjs=
github.com/therecipe/qt/internal/binding/files/docs/5.13.0 v0.0.0-20191010174905-3904ec6ceb7b/go.mod h1:mH55Ek7AZcdns5KPp99O0bg+78el64YCYWHiQKrOdt4=
github.com/therecipe/qt/internal/examples v0.0.0-20191010174905-3904ec6ceb7b h1:3wZfZnSiOWs/gGuH3SL5Ddze6E0bVp1Us6htP26aUbw=
github.com/therecipe/qt/internal/examples v0.0.0-20191010174905-3904ec6ceb7b/go.mod h1:uvQVzFIuRzOh0VRR6q/ol91Zvc1zTQh8YsUZBHg67GQ=
golang.org/x/image v0.0.0-20191009234506-e7c1f5e7dbb8 h1:hVwzHzIUGRjiF7EcUjqNxk3NCfkPxbDKRdnNE1Rpg0U=
golang.org/x/image v0.0.0-20191009234506-e7c1f5e7dbb8/go.mod h1:FeLwcggjj3mMvU+oOTbSwawSJRM1uh48EjtB4UJZlP0=
golang.org/x/lint v0.0.0-20190313153728-d0100b6bd8b3/go.mod h1:6SW0HCj/g11FgYtHlgUYUwCkIfeOF89ocIRzGO/8vkc=
golang.org/x/oauth2 v0.0.0-20180821212333-d2e6202438be/go.mod h1:N/0e6XlmueqKjAGxoOufVs8QHGRruUQn6yWY3a++T0U=
google.golang.org/appengine v1.1.0/go.mod h1:EbEs0AVv82hx2wNQdGPgUI5lhzA/G0D9YwlJXL52JkM=
google.golang.org/genproto v0.0.0-20180817151627-c66870c02cf8 h1:Nw54tB0rB7hY/N0NQvRW8DG4Yk3Q6T9cu9RcFQDu1tc=
google.golang.org/genproto v0.0.0-20180817151627-c66870c02cf8/go.mod h1:JiN7NxoALGmiZfu7CAH4rXhgtRTLTxftemlI0sWmxmc=
google.golang.org/grpc v1.24.0 h1:vb/1TCsVn3DcJlQ0Gs1yB1pKI6Do2/QNwxdKqmc/b0s=
google.golang.org/grpc v1.24.0/go.mod h1:XDChyiUovWa60DnaeDeZmSW86xtLtjtZbwvSiRnRtcA=
honnef.co/go/tools v0.0.0-20190523083050-ea95bdfd59fc/go.mod h1:rf3lG4BRIbNafJWhAfAdb/ePZxsR/4RtNHQocxwk9r4=
