github.com/therecipe/qt/internal/binding/files/docs/5.10.0 v0.0.0-20181217175635-86108509bd0c h1:xCms8hAQalghXVF7N0/gpHYx03rfS/LLg65j/Uj6DPw=
github.com/therecipe/qt/internal/binding/files/docs/5.10.0 v0.0.0-20181217175635-86108509bd0c/go.mod h1:0kdyvN3U5+T/7oroKwjnxjOCSl0KgMdslhGFRiY6CYw=
github.com/therecipe/qt/internal/binding/files/docs/5.11.1 v0.0.0-20181217175635-86108509bd0c h1:Fo16l1fhlp2QaaeW4lh3YNJaluaX7wLI/dPO0vTN2Ug=
github.com/therecipe/qt/internal/binding/files/docs/5.11.1 v0.0.0-20181217175635-86108509bd0c/go.mod h1:89DJ2jP40NC3R0AHpsYfRtFcZxg8hg64u+GFb8cjyYs=
github.com/therecipe/qt/internal/binding/files/docs/5.12.0 v0.0.0-20181217175635-86108509bd0c h1:4banKKolAkc/mB8VPL9XJMgKnvOojreBUfBTUQW/DaQ=
github.com/therecipe/qt/internal/binding/files/docs/5.12.0 v0.0.0-20181217175635-86108509bd0c/go.mod h1:7m8PDYDEtEVqfjoUQc2UrFqhG0CDmoVJjRlQxexndFc=
github.com/therecipe/qt/internal/binding/files/docs/5.6.3 v0.0.0-20181217175635-86108509bd0c h1:G4Keu79EZzP90KfPGl4AImYQI5GZfbF0UzVzYLZbNmE=
github.com/therecipe/qt/internal/binding/files/docs/5.6.3 v0.0.0-20181217175635-86108509bd0c/go.mod h1:Vekyc8wPRbEBD1XjJpnjhm8l5TRuvoZFZnRe9812jRk=
github.com/therecipe/qt/internal/binding/files/docs/5.7.0 v0.0.0-20181217175635-86108509bd0c h1:qac1d0VL3v0M80KRwSxfupZklDD/S869n4TkH98zmNg=
github.com/therecipe/qt/internal/binding/files/docs/5.7.0 v0.0.0-20181217175635-86108509bd0c/go.mod h1:nxvy/0d+Vs+CDWSYMQTUe/CYB/gFfL35WuikY+Nk/NE=
github.com/therecipe/qt/internal/binding/files/docs/5.7.1 v0.0.0-20181217175635-86108509bd0c h1:8kB0S5yJTpVa0qCE3Z44VlPWBAaN7txh5AZaqZi5Fw4=
github.com/therecipe/qt/internal/binding/files/docs/5.7.1 v0.0.0-20181217175635-86108509bd0c/go.mod h1:LH+7O1UJfPKV17+JOpg8jsBp+t+zR9qvPnz6c8ji9c4=
github.com/therecipe/qt/internal/binding/files/docs/5.8.0 v0.0.0-20181217175635-86108509bd0c h1:eLruRcvhYeYBwha1QSmzaVRPJrnz+BYDLLBr7FfO/Qo=
github.com/therecipe/qt/internal/binding/files/docs/5.8.0 v0.0.0-20181217175635-86108509bd0c/go.mod h1:fLn3mj9ZGgEDR+/Ork0sfteGWc31cjv8b4VXITvk/fs=
github.com/therecipe/qt/internal/binding/files/docs/5.9.0 v0.0.0-20181217175635-86108509bd0c h1:1bd/v+XNhDBlK/D2R+92l/nrzBAZ6Rbxg1CJa7Dsk0Y=
github.com/therecipe/qt/internal/binding/files/docs/5.9.0 v0.0.0-20181217175635-86108509bd0c/go.mod h1:6VuvmQeE7pyTjJ2zCaVqVNCqS6696NToUQSB+dKg5ts=
