github.com/davecgh/go-spew v1.1.1 h1:vj9j/u1bqnvCEfJOwUhtlOARqs3+rkHYY13jYWTU97c=
github.com/davecgh/go-spew v1.1.1/go.mod h1:J7Y8YcW2NihsgmVo/mv3lAwl/skON4iLHjSsI+c5H38=
github.com/fsnotify/fsnotify v1.4.7 h1:IXs+QLmnXW2CcXuY+8Mzv/fWEsPGWxqefPtCP5CnV9I=
github.com/fsnotify/fsnotify v1.4.7/go.mod h1:jwhsz4b93w/PPRr/qN1Yymfu8t87LnFCMoQvtojpjFo=
github.com/gopherjs/gopherjs v0.0.0-20181103185306-d547d1d9531e h1:JKmoR8x90Iww1ks85zJ1lfDGgIiMDuIptTOhJq+zKyg=
github.com/gopherjs/gopherjs v0.0.0-20181103185306-d547d1d9531e/go.mod h1:wJfORRmW1u3UXTncJ5qlYoELFm8eSnnEO6hX4iZ3EWY=
github.com/inconshreveable/mousetrap v1.0.0 h1:Z8tu5sraLXCXIcARxBp/8cbvlwVa7Z1NHg9XEKhtSvM=
github.com/inconshreveable/mousetrap v1.0.0/go.mod h1:PxqpIevigyE2G7u3NXJIT2ANytuPF1OarO4DADm73n8=
github.com/kisielk/gotool v1.0.0 h1:AV2c/EiW3KqPNT9ZKl07ehoAGi4C5/01Cfbblndcapg=
github.com/kisielk/gotool v1.0.0/go.mod h1:XhKaO+MFFWcvkIS/tQcRk01m1F5IRFswLeQ+oQHNcck=
github.com/konsorten/go-windows-terminal-sequences v1.0.1 h1:mweAR1A6xJ3oS2pRaGiHgQ4OO8tzTaLawm8vnODuwDk=
github.com/konsorten/go-windows-terminal-sequences v1.0.1/go.mod h1:T0+1ngSBFLxvqU3pZ+m/2kptfBszLMUkC4ZK/EgS/cQ=
github.com/neelance/astrewrite v0.0.0-20160511093645-99348263ae86 h1:D6paGObi5Wud7xg83MaEFyjxQB1W5bz5d0IFppr+ymk=
github.com/neelance/astrewrite v0.0.0-20160511093645-99348263ae86/go.mod h1:kHJEU3ofeGjhHklVoIGuVj85JJwZ6kWPaJwCIxgnFmo=
github.com/neelance/sourcemap v0.0.0-20151028013722-8c68805598ab h1:eFXv9Nu1lGbrNbj619aWwZfVF5HBrm9Plte8aNptuTI=
github.com/neelance/sourcemap v0.0.0-20151028013722-8c68805598ab/go.mod h1:Qr6/a/Q4r9LP1IltGz7tA7iOK1WonHEYhu1HRBA7ZiM=
github.com/pmezard/go-difflib v1.0.0 h1:4DBwDE0NGyQoBHbLQYPwSUPoCMWR5BEzIk/f1lZbAQM=
github.com/pmezard/go-difflib v1.0.0/go.mod h1:iKH77koFhYxTK1pcRnkKkqfTogsbg7gZNVY4sRDYZ/4=
github.com/shurcooL/go v0.0.0-20181215222900-0143a8f55f04 h1:X91gi8bbAueDtGVwO0XepT+QvcFKhkteYiRhrb7pQ80=
github.com/shurcooL/go v0.0.0-20181215222900-0143a8f55f04/go.mod h1:TDJrrUr11Vxrven61rcy3hJMUqaf/CLWYhHNPmT14Lk=
github.com/shurcooL/httpfs v0.0.0-20171119174359-809beceb2371 h1:SWV2fHctRpRrp49VXJ6UZja7gU9QLHwRpIPBN89SKEo=
github.com/shurcooL/httpfs v0.0.0-20171119174359-809beceb2371/go.mod h1:ZY1cvUeJuFPAdZ/B6v7RHavJWZn2YPVFQ1OSXhCGOkg=
github.com/sirupsen/logrus v1.2.0 h1:juTguoYk5qI21pwyTXY3B3Y5cOTH3ZUyZCg1v/mihuo=
github.com/sirupsen/logrus v1.2.0/go.mod h1:LxeOpSwHxABJmUn/MG1IvRgCAasNZTLOkJPxbbu5VWo=
github.com/spf13/cobra v0.0.3 h1:ZlrZ4XsMRm04Fr5pSFxBgfND2EBVa1nLpiy1stUsX/8=
github.com/spf13/cobra v0.0.3/go.mod h1:1l0Ry5zgKvJasoi3XT1TypsSe7PqH0Sj9dhYf7v3XqQ=
github.com/spf13/pflag v1.0.3 h1:zPAT6CGy6wXeQ7NtTnaTerfKOsV6V6F8agHXFiazDkg=
github.com/spf13/pflag v1.0.3/go.mod h1:DYY7MBk1bdzusC3SYhjObp+wFpr4gzcvqqNjLnInEg4=
github.com/stretchr/objx v0.1.1/go.mod h1:HFkY916IF+rwdDfMAkV7OtwuqBVzrE8GR6GFx+wExME=
github.com/stretchr/testify v1.2.2 h1:bSDNvY7ZPG5RlJ8otE/7V6gMiyenm9RtJ7IUVIAoJ1w=
github.com/stretchr/testify v1.2.2/go.mod h1:a8OnRcib4nhh0OaRAV+Yts87kKdq0PP7pXfy6kDkUVs=
github.com/therecipe/qt v0.0.0-20181217175635-86108509bd0c h1:6pm+RjDisurjNm8mIYtqTuP14YnPnkOuikJQTCZNJe8=
github.com/therecipe/qt v0.0.0-20181217175635-86108509bd0c/go.mod h1:Iq/oaa39y01vL+lPnuYp68I2X74K+/ACvH8yA1+ubH8=
github.com/therecipe/qt/internal/binding/files/docs v0.0.0-20181217175635-86108509bd0c h1:4q69Qvq7b4/X8hRK79xy9LpiHxHAVaZv7z6JquSuSpw=
github.com/therecipe/qt/internal/binding/files/docs v0.0.0-20181217175635-86108509bd0c/go.mod h1:3m53YtVScOef+bvEyu5Pnhhdt1948eTNnsVZrP6hYeE=
github.com/therecipe/qt/internal/binding/files/docs/5.10.0 v0.0.0-20181217175635-86108509bd0c h1:xCms8hAQalghXVF7N0/gpHYx03rfS/LLg65j/Uj6DPw=
github.com/therecipe/qt/internal/binding/files/docs/5.10.0 v0.0.0-20181217175635-86108509bd0c/go.mod h1:0kdyvN3U5+T/7oroKwjnxjOCSl0KgMdslhGFRiY6CYw=
github.com/therecipe/qt/internal/binding/files/docs/5.11.1 v0.0.0-20181217175635-86108509bd0c h1:Fo16l1fhlp2QaaeW4lh3YNJaluaX7wLI/dPO0vTN2Ug=
github.com/therecipe/qt/internal/binding/files/docs/5.11.1 v0.0.0-20181217175635-86108509bd0c/go.mod h1:89DJ2jP40NC3R0AHpsYfRtFcZxg8hg64u+GFb8cjyYs=
github.com/therecipe/qt/internal/binding/files/docs/5.12.0 v0.0.0-20181217175635-86108509bd0c h1:4banKKolAkc/mB8VPL9XJMgKnvOojreBUfBTUQW/DaQ=
github.com/therecipe/qt/internal/binding/files/docs/5.12.0 v0.0.0-20181217175635-86108509bd0c/go.mod h1:7m8PDYDEtEVqfjoUQc2UrFqhG0CDmoVJjRlQxexndFc=
github.com/therecipe/qt/internal/binding/files/docs/5.6.3 v0.0.0-20181217175635-86108509bd0c h1:G4Keu79EZzP90KfPGl4AImYQI5GZfbF0UzVzYLZbNmE=
github.com/therecipe/qt/internal/binding/files/docs/5.6.3 v0.0.0-20181217175635-86108509bd0c/go.mod h1:Vekyc8wPRbEBD1XjJpnjhm8l5TRuvoZFZnRe9812jRk=
github.com/therecipe/qt/internal/binding/files/docs/5.7.0 v0.0.0-20181217175635-86108509bd0c h1:qac1d0VL3v0M80KRwSxfupZklDD/S869n4TkH98zmNg=
github.com/therecipe/qt/internal/binding/files/docs/5.7.0 v0.0.0-20181217175635-86108509bd0c/go.mod h1:nxvy/0d+Vs+CDWSYMQTUe/CYB/gFfL35WuikY+Nk/NE=
github.com/therecipe/qt/internal/binding/files/docs/5.7.1 v0.0.0-20181217175635-86108509bd0c h1:8kB0S5yJTpVa0qCE3Z44VlPWBAaN7txh5AZaqZi5Fw4=
github.com/therecipe/qt/internal/binding/files/docs/5.7.1 v0.0.0-20181217175635-86108509bd0c/go.mod h1:LH+7O1UJfPKV17+JOpg8jsBp+t+zR9qvPnz6c8ji9c4=
github.com/therecipe/qt/internal/binding/files/docs/5.8.0 v0.0.0-20181217175635-86108509bd0c h1:eLruRcvhYeYBwha1QSmzaVRPJrnz+BYDLLBr7FfO/Qo=
github.com/therecipe/qt/internal/binding/files/docs/5.8.0 v0.0.0-20181217175635-86108509bd0c/go.mod h1:fLn3mj9ZGgEDR+/Ork0sfteGWc31cjv8b4VXITvk/fs=
github.com/therecipe/qt/internal/binding/files/docs/5.9.0 v0.0.0-20181217175635-86108509bd0c h1:1bd/v+XNhDBlK/D2R+92l/nrzBAZ6Rbxg1CJa7Dsk0Y=
github.com/therecipe/qt/internal/binding/files/docs/5.9.0 v0.0.0-20181217175635-86108509bd0c/go.mod h1:6VuvmQeE7pyTjJ2zCaVqVNCqS6696NToUQSB+dKg5ts=
golang.org/x/crypto v0.0.0-20180904163835-0709b304e793/go.mod h1:6SG95UA2DQfeDnfUPMdvaQW0Q7yPrPDi9nlGo2tz2b4=
golang.org/x/crypto v0.0.0-20181203042331-505ab145d0a9 h1:mKdxBk7AujPs8kU4m80U72y/zjbZ3UcXC7dClwKbUI0=
golang.org/x/crypto v0.0.0-20181203042331-505ab145d0a9/go.mod h1:6SG95UA2DQfeDnfUPMdvaQW0Q7yPrPDi9nlGo2tz2b4=
golang.org/x/sys v0.0.0-20180905080454-ebe1bf3edb33 h1:I6FyU15t786LL7oL/hn43zqTuEGr4PN7F4XJ1p4E3Y8=
golang.org/x/sys v0.0.0-20180905080454-ebe1bf3edb33/go.mod h1:STP8DvDyc/dI5b8T5hshtkjS+E42TnysNCUPdjciGhY=
golang.org/x/sys v0.0.0-20181213200352-4d1cda033e06 h1:0oC8rFnE+74kEmuHZ46F6KHsMr5Gx2gUQPuNz28iQZM=
golang.org/x/sys v0.0.0-20181213200352-4d1cda033e06/go.mod h1:STP8DvDyc/dI5b8T5hshtkjS+E42TnysNCUPdjciGhY=
golang.org/x/tools v0.0.0-20181217182337-728ed46ae025 h1:21D5gDYCCi/qBaU8fkgZVmVvmmC+7+uhs0/9vkXnhN0=
golang.org/x/tools v0.0.0-20181217182337-728ed46ae025/go.mod h1:n7NCudcB/nEzxVGmLbDWY5pfWTLqBcC2KZ6jyYvM4mQ=
