github.com/golang/crypto v0.0.0-20190325154230-a5d413f7728c/go.mod h1:djNgcEr1/C05ACkg1iLfiJU5Ep61QUkGW8qpdssI0+w=
github.com/golang/net v0.0.0-20190326090315-15845e8f865b/go.mod h1:t9HGtf8HONx5eT2rtn7q6eTqICYqUVnKs3thJo3Qplg=
github.com/golang/sys v0.0.0-20190322080309-f49334f85ddc/go.mod h1:h1NjWce9XRLGQEsW7wpKNCjG9DtNlClVuFLEZdDNbEs=
github.com/golang/text v0.3.1-0.20190321115727-fe223c5a2583/go.mod h1:bEr9sfX3Q8Zfm5fL9x+3itogRgK3+ptLWKqgva+5dAk=
github.com/golang/tools v0.0.0-20190327011446-79af862e6737/go.mod h1:LCzVGOaR6xXOjkQ3onu1FJEFr0SW1gC7cKk1uF8kGRs=
